{
  "version": 4,
  "terraform_version": "1.15.0",
  "serial": 29,
  "lineage": "b2cc3cb1-0034-8544-c4f2-69a3a8d67242",
  "outputs": {},
  "resources": [
    {
      "mode": "managed",
      "type": "aws_vpc",
      "name": "abzooba_vpc",
      "provider": "provider[\"registry.terraform.io/hashicorp/aws\"]",
      "instances": [
        {
          "schema_version": 1,
          "attributes": {
            "arn": "arn:aws:ec2:us-east-1:682452625784:vpc/vpc-057ae7977ed79e408",
            "assign_generated_ipv6_cidr_block": false,
            "cidr_block": "10.1.0.0/16",
            "default_network_acl_id": "acl-02e7cf21304d010b2",
            "default_route_table_id": "rtb-0eb6682160be0705a",
            "default_security_group_id": "sg-00ed1422f54ed81a5",
            "dhcp_options_id": "dopt-93ead6f7",
            "enable_dns_hostnames": true,
            "enable_dns_support": true,
            "enable_network_address_usage_metrics": false,
            "id": "vpc-057ae7977ed79e408",
            "instance_tenancy": "default",
            "ipv4_ipam_pool_id": null,
            "ipv4_netmask_length": null,
            "ipv6_association_id": "",
            "ipv6_cidr_block": "",
            "ipv6_cidr_block_network_border_group": "",
            "ipv6_ipam_pool_id": "",
            "ipv6_netmask_length": 0,
            "main_route_table_id": "rtb-0eb6682160be0705a",
            "owner_id": "682452625784",
            "region": "us-east-1",
            "tags": {
              "Name": "Abzooba-VPC"
            },
            "tags_all": {
              "Name": "Abzooba-VPC"
            }
          },
          "sensitive_attributes": [],
          "identity_schema_version": 0,
          "identity": {
            "account_id": "",
            "id": "vpc-057ae7977ed79e408",
            "region": "us-east-1"
          },
          "private": "eyJzY2hlbWFfdmVyc2lvbiI6IjEifQ=="
        }
      ]
    },
    {
      "mode": "managed",
      "type": "aws_vpc",
      "name": "dagility_sandbox_vpc",
      "provider": "provider[\"registry.terraform.io/hashicorp/aws\"]",
      "instances": [
        {
          "schema_version": 1,
          "attributes": {
            "arn": "arn:aws:ec2:us-east-1:682452625784:vpc/vpc-0e7a6586230954e36",
            "assign_generated_ipv6_cidr_block": false,
            "cidr_block": "10.97.0.0/16",
            "default_network_acl_id": "acl-01f1802d8d7c85f9d",
            "default_route_table_id": "rtb-0b93bf277aea7f709",
            "default_security_group_id": "sg-0ad433de11819f1c3",
            "dhcp_options_id": "dopt-93ead6f7",
            "enable_dns_hostnames": true,
            "enable_dns_support": true,
            "enable_network_address_usage_metrics": false,
            "id": "vpc-0e7a6586230954e36",
            "instance_tenancy": "default",
            "ipv4_ipam_pool_id": null,
            "ipv4_netmask_length": null,
            "ipv6_association_id": "",
            "ipv6_cidr_block": "",
            "ipv6_cidr_block_network_border_group": "",
            "ipv6_ipam_pool_id": "",
            "ipv6_netmask_length": 0,
            "main_route_table_id": "rtb-0b93bf277aea7f709",
            "owner_id": "682452625784",
            "region": "us-east-1",
            "tags": {
              "Name": "DAgility-Sandbox-VPC"
            },
            "tags_all": {
              "Name": "DAgility-Sandbox-VPC"
            }
          },
          "sensitive_attributes": [],
          "identity_schema_version": 0,
          "identity": {
            "account_id": "",
            "id": "vpc-0e7a6586230954e36",
            "region": "us-east-1"
          },
          "private": "eyJzY2hlbWFfdmVyc2lvbiI6IjEifQ=="
        }
      ]
    },
    {
      "mode": "managed",
      "type": "aws_vpc",
      "name": "default_vpc",
      "provider": "provider[\"registry.terraform.io/hashicorp/aws\"]",
      "instances": [
        {
          "schema_version": 1,
          "attributes": {
            "arn": "arn:aws:ec2:us-east-1:682452625784:vpc/vpc-03cfc064",
            "assign_generated_ipv6_cidr_block": false,
            "cidr_block": "172.31.0.0/16",
            "default_network_acl_id": "acl-985898fe",
            "default_route_table_id": "rtb-d7a3d6b1",
            "default_security_group_id": "sg-9d6079e7",
            "dhcp_options_id": "dopt-93ead6f7",
            "enable_dns_hostnames": true,
            "enable_dns_support": true,
            "enable_network_address_usage_metrics": false,
            "id": "vpc-03cfc064",
            "instance_tenancy": "default",
            "ipv4_ipam_pool_id": null,
            "ipv4_netmask_length": null,
            "ipv6_association_id": "",
            "ipv6_cidr_block": "",
            "ipv6_cidr_block_network_border_group": "",
            "ipv6_ipam_pool_id": "",
            "ipv6_netmask_length": 0,
            "main_route_table_id": "rtb-d7a3d6b1",
            "owner_id": "682452625784",
            "region": "us-east-1",
            "tags": {
              "Name": "Default VPC"
            },
            "tags_all": {
              "Name": "Default VPC"
            }
          },
          "sensitive_attributes": [],
          "identity_schema_version": 0,
          "identity": {
            "account_id": "",
            "id": "vpc-03cfc064",
            "region": "us-east-1"
          },
          "private": "eyJzY2hlbWFfdmVyc2lvbiI6IjEifQ=="
        }
      ]
    },
    {
      "mode": "managed",
      "type": "aws_vpc",
      "name": "edgeops_vpc",
      "provider": "provider[\"registry.terraform.io/hashicorp/aws\"]",
      "instances": [
        {
          "schema_version": 1,
          "attributes": {
            "arn": "arn:aws:ec2:us-east-1:682452625784:vpc/vpc-0cbf58f766f0bab01",
            "assign_generated_ipv6_cidr_block": false,
            "cidr_block": "10.0.0.0/16",
            "default_network_acl_id": "acl-003dcd9df47dd5e6a",
            "default_route_table_id": "rtb-0afaea7a42d49fc9a",
            "default_security_group_id": "sg-0edebcee868c07671",
            "dhcp_options_id": "dopt-93ead6f7",
            "enable_dns_hostnames": true,
            "enable_dns_support": true,
            "enable_network_address_usage_metrics": false,
            "id": "vpc-0cbf58f766f0bab01",
            "instance_tenancy": "default",
            "ipv4_ipam_pool_id": null,
            "ipv4_netmask_length": null,
            "ipv6_association_id": "",
            "ipv6_cidr_block": "",
            "ipv6_cidr_block_network_border_group": "",
            "ipv6_ipam_pool_id": "",
            "ipv6_netmask_length": 0,
            "main_route_table_id": "rtb-0afaea7a42d49fc9a",
            "owner_id": "682452625784",
            "region": "us-east-1",
            "tags": {
              "Name": "EdgeOps-VPC"
            },
            "tags_all": {
              "Name": "EdgeOps-VPC"
            }
          },
          "sensitive_attributes": [],
          "identity_schema_version": 0,
          "identity": {
            "account_id": "",
            "id": "vpc-0cbf58f766f0bab01",
            "region": "us-east-1"
          },
          "private": "eyJzY2hlbWFfdmVyc2lvbiI6IjEifQ=="
        }
      ]
    },
    {
      "mode": "managed",
      "type": "aws_vpc",
      "name": "eks_kubecon_vpc",
      "provider": "provider[\"registry.terraform.io/hashicorp/aws\"]",
      "instances": [
        {
          "schema_version": 1,
          "attributes": {
            "arn": "arn:aws:ec2:us-east-1:682452625784:vpc/vpc-0ca81738c34e2a10e",
            "assign_generated_ipv6_cidr_block": false,
            "cidr_block": "172.21.0.0/16",
            "default_network_acl_id": "acl-00aa6ff96ac9081f0",
            "default_route_table_id": "rtb-0ae405a3c09c98633",
            "default_security_group_id": "sg-0c53d73df3de60798",
            "dhcp_options_id": "dopt-93ead6f7",
            "enable_dns_hostnames": true,
            "enable_dns_support": true,
            "enable_network_address_usage_metrics": false,
            "id": "vpc-0ca81738c34e2a10e",
            "instance_tenancy": "default",
            "ipv4_ipam_pool_id": null,
            "ipv4_netmask_length": null,
            "ipv6_association_id": "",
            "ipv6_cidr_block": "",
            "ipv6_cidr_block_network_border_group": "",
            "ipv6_ipam_pool_id": "",
            "ipv6_netmask_length": 0,
            "main_route_table_id": "rtb-0ae405a3c09c98633",
            "owner_id": "682452625784",
            "region": "us-east-1",
            "tags": {
              "Name": "eks-kubecon-VPC",
              "kubernetes.io/cluster/eks-kubecon": "shared"
            },
            "tags_all": {
              "Name": "eks-kubecon-VPC",
              "kubernetes.io/cluster/eks-kubecon": "shared"
            }
          },
          "sensitive_attributes": [],
          "identity_schema_version": 0,
          "identity": {
            "account_id": "",
            "id": "vpc-0ca81738c34e2a10e",
            "region": "us-east-1"
          },
          "private": "eyJzY2hlbWFfdmVyc2lvbiI6IjEifQ=="
        }
      ]
    },
    {
      "mode": "managed",
      "type": "aws_vpc",
      "name": "eks_secure_vpc",
      "provider": "provider[\"registry.terraform.io/hashicorp/aws\"]",
      "instances": [
        {
          "schema_version": 1,
          "attributes": {
            "arn": "arn:aws:ec2:us-east-1:682452625784:vpc/vpc-0e4d2c5a50cb2a7e5",
            "assign_generated_ipv6_cidr_block": false,
            "cidr_block": "172.20.0.0/16",
            "default_network_acl_id": "acl-074a542acf35e4c7f",
            "default_route_table_id": "rtb-07810fc4c8c41b001",
            "default_security_group_id": "sg-0285ca91691980318",
            "dhcp_options_id": "dopt-93ead6f7",
            "enable_dns_hostnames": false,
            "enable_dns_support": true,
            "enable_network_address_usage_metrics": false,
            "id": "vpc-0e4d2c5a50cb2a7e5",
            "instance_tenancy": "default",
            "ipv4_ipam_pool_id": null,
            "ipv4_netmask_length": null,
            "ipv6_association_id": "",
            "ipv6_cidr_block": "",
            "ipv6_cidr_block_network_border_group": "",
            "ipv6_ipam_pool_id": "",
            "ipv6_netmask_length": 0,
            "main_route_table_id": "rtb-07810fc4c8c41b001",
            "owner_id": "682452625784",
            "region": "us-east-1",
            "tags": {
              "Name": "eks-secure-VPC",
              "kubernetes.io/cluster/eks-secure": "shared"
            },
            "tags_all": {
              "Name": "eks-secure-VPC",
              "kubernetes.io/cluster/eks-secure": "shared"
            }
          },
          "sensitive_attributes": [],
          "identity_schema_version": 0,
          "identity": {
            "account_id": "",
            "id": "vpc-0e4d2c5a50cb2a7e5",
            "region": "us-east-1"
          },
          "private": "eyJzY2hlbWFfdmVyc2lvbiI6IjEifQ=="
        }
      ]
    },
    {
      "mode": "managed",
      "type": "aws_vpc",
      "name": "ekshelmvpcstack_vpc",
      "provider": "provider[\"registry.terraform.io/hashicorp/aws\"]",
      "instances": [
        {
          "schema_version": 1,
          "attributes": {
            "arn": "arn:aws:ec2:us-east-1:682452625784:vpc/vpc-03faa642e5ca94a2d",
            "assign_generated_ipv6_cidr_block": false,
            "cidr_block": "192.168.0.0/16",
            "default_network_acl_id": "acl-04e1cd97b83114ce0",
            "default_route_table_id": "rtb-0518f151647c0b7cf",
            "default_security_group_id": "sg-0acefa4b75595a3cf",
            "dhcp_options_id": "dopt-93ead6f7",
            "enable_dns_hostnames": true,
            "enable_dns_support": true,
            "enable_network_address_usage_metrics": false,
            "id": "vpc-03faa642e5ca94a2d",
            "instance_tenancy": "default",
            "ipv4_ipam_pool_id": null,
            "ipv4_netmask_length": null,
            "ipv6_association_id": "",
            "ipv6_cidr_block": "",
            "ipv6_cidr_block_network_border_group": "",
            "ipv6_ipam_pool_id": "",
            "ipv6_netmask_length": 0,
            "main_route_table_id": "rtb-0518f151647c0b7cf",
            "owner_id": "682452625784",
            "region": "us-east-1",
            "tags": {
              "Name": "Ekshelmvpcstack-VPC",
              "kubernetes.io/cluster/Edgeopshelmcluster": "shared"
            },
            "tags_all": {
              "Name": "Ekshelmvpcstack-VPC",
              "kubernetes.io/cluster/Edgeopshelmcluster": "shared"
            }
          },
          "sensitive_attributes": [],
          "identity_schema_version": 0,
          "identity": {
            "account_id": "",
            "id": "vpc-03faa642e5ca94a2d",
            "region": "us-east-1"
          },
          "private": "eyJzY2hlbWFfdmVyc2lvbiI6IjEifQ=="
        }
      ]
    },
    {
      "mode": "managed",
      "type": "aws_vpc",
      "name": "gitlift_vpc",
      "provider": "provider[\"registry.terraform.io/hashicorp/aws\"]",
      "instances": [
        {
          "schema_version": 1,
          "attributes": {
            "arn": "arn:aws:ec2:us-east-1:682452625784:vpc/vpc-056321eca2c91f864",
            "assign_generated_ipv6_cidr_block": false,
            "cidr_block": "10.0.0.0/16",
            "default_network_acl_id": "acl-02b0cb9189d1f41e2",
            "default_route_table_id": "rtb-0aa0e2a99a86fe5e6",
            "default_security_group_id": "sg-0085c981310afca8a",
            "dhcp_options_id": "dopt-93ead6f7",
            "enable_dns_hostnames": true,
            "enable_dns_support": true,
            "enable_network_address_usage_metrics": false,
            "id": "vpc-056321eca2c91f864",
            "instance_tenancy": "default",
            "ipv4_ipam_pool_id": null,
            "ipv4_netmask_length": null,
            "ipv6_association_id": "",
            "ipv6_cidr_block": "",
            "ipv6_cidr_block_network_border_group": "",
            "ipv6_ipam_pool_id": "",
            "ipv6_netmask_length": 0,
            "main_route_table_id": "rtb-0aa0e2a99a86fe5e6",
            "owner_id": "682452625784",
            "region": "us-east-1",
            "tags": {
              "Environment": "test",
              "Name": "gitlift-vpc"
            },
            "tags_all": {
              "Environment": "test",
              "Name": "gitlift-vpc"
            }
          },
          "sensitive_attributes": [],
          "identity_schema_version": 0,
          "identity": {
            "account_id": "",
            "id": "vpc-056321eca2c91f864",
            "region": "us-east-1"
          },
          "private": "eyJzY2hlbWFfdmVyc2lvbiI6IjEifQ=="
        }
      ]
    },
    {
      "mode": "managed",
      "type": "aws_vpc",
      "name": "test_cluster_vpc",
      "provider": "provider[\"registry.terraform.io/hashicorp/aws\"]",
      "instances": [
        {
          "schema_version": 1,
          "attributes": {
            "arn": "arn:aws:ec2:us-east-1:682452625784:vpc/vpc-061ecf7bd32acd7c9",
            "assign_generated_ipv6_cidr_block": false,
            "cidr_block": "10.0.0.0/16",
            "default_network_acl_id": "acl-074f745719f810d49",
            "default_route_table_id": "rtb-04708cdf3ccdf3fbb",
            "default_security_group_id": "sg-08d61982d5f056071",
            "dhcp_options_id": "dopt-93ead6f7",
            "enable_dns_hostnames": true,
            "enable_dns_support": true,
            "enable_network_address_usage_metrics": false,
            "id": "vpc-061ecf7bd32acd7c9",
            "instance_tenancy": "default",
            "ipv4_ipam_pool_id": null,
            "ipv4_netmask_length": null,
            "ipv6_association_id": "",
            "ipv6_cidr_block": "",
            "ipv6_cidr_block_network_border_group": "",
            "ipv6_ipam_pool_id": "",
            "ipv6_netmask_length": 0,
            "main_route_table_id": "rtb-04708cdf3ccdf3fbb",
            "owner_id": "682452625784",
            "region": "us-east-1",
            "tags": {
              "Name": "test-cluster-vpc"
            },
            "tags_all": {
              "Name": "test-cluster-vpc"
            }
          },
          "sensitive_attributes": [],
          "identity_schema_version": 0,
          "identity": {
            "account_id": "",
            "id": "vpc-061ecf7bd32acd7c9",
            "region": "us-east-1"
          },
          "private": "eyJzY2hlbWFfdmVyc2lvbiI6IjEifQ=="
        }
      ]
    },
    {
      "mode": "managed",
      "type": "aws_vpc",
      "name": "ust_practice_vpc",
      "provider": "provider[\"registry.terraform.io/hashicorp/aws\"]",
      "instances": [
        {
          "schema_version": 1,
          "attributes": {
            "arn": "arn:aws:ec2:us-east-1:682452625784:vpc/vpc-0b85286a4dd4a9182",
            "assign_generated_ipv6_cidr_block": false,
            "cidr_block": "10.2.0.0/24",
            "default_network_acl_id": "acl-06477125d526f0d5f",
            "default_route_table_id": "rtb-0c959b721800ec530",
            "default_security_group_id": "sg-03735ae5403c959be",
            "dhcp_options_id": "dopt-93ead6f7",
            "enable_dns_hostnames": true,
            "enable_dns_support": true,
            "enable_network_address_usage_metrics": false,
            "id": "vpc-0b85286a4dd4a9182",
            "instance_tenancy": "default",
            "ipv4_ipam_pool_id": null,
            "ipv4_netmask_length": null,
            "ipv6_association_id": "",
            "ipv6_cidr_block": "",
            "ipv6_cidr_block_network_border_group": "",
            "ipv6_ipam_pool_id": "",
            "ipv6_netmask_length": 0,
            "main_route_table_id": "rtb-0c959b721800ec530",
            "owner_id": "682452625784",
            "region": "us-east-1",
            "tags": {
              "Name": "UST Practice",
              "kubernetes.io/cluster/QDB-EKS": "shared"
            },
            "tags_all": {
              "Name": "UST Practice",
              "kubernetes.io/cluster/QDB-EKS": "shared"
            }
          },
          "sensitive_attributes": [],
          "identity_schema_version": 0,
          "identity": {
            "account_id": "",
            "id": "vpc-0b85286a4dd4a9182",
            "region": "us-east-1"
          },
          "private": "eyJzY2hlbWFfdmVyc2lvbiI6IjEifQ=="
        }
      ]
    },
    {
      "mode": "managed",
      "type": "aws_vpc_endpoint",
      "name": "poc_s3_endpoint",
      "provider": "provider[\"registry.terraform.io/hashicorp/aws\"]",
      "instances": [
        {
          "schema_version": 0,
          "attributes": {
            "arn": "arn:aws:ec2:us-east-1:682452625784:vpc-endpoint/vpce-0f662083671d83a12",
            "auto_accept": null,
            "cidr_blocks": [
              "16.15.176.0/20",
              "16.182.0.0/16",
              "18.34.0.0/19",
              "52.216.0.0/15",
              "54.231.0.0/16",
              "3.5.0.0/19",
              "18.34.232.0/21",
              "16.15.192.0/18"
            ],
            "dns_entry": [],
            "dns_options": [
              {
                "dns_record_ip_type": "service-defined",
                "private_dns_only_for_inbound_resolver_endpoint": false,
                "private_dns_preference": "",
                "private_dns_specified_domains": []
              }
            ],
            "id": "vpce-0f662083671d83a12",
            "ip_address_type": "ipv4",
            "network_interface_ids": [],
            "owner_id": "682452625784",
            "policy": "{\"Statement\":[{\"Action\":\"*\",\"Effect\":\"Allow\",\"Principal\":\"*\",\"Resource\":\"*\"}],\"Version\":\"2008-10-17\"}",
            "prefix_list_id": "pl-63a5400a",
            "private_dns_enabled": false,
            "region": "us-east-1",
            "requester_managed": false,
            "resource_configuration_arn": "",
            "route_table_ids": [
              "rtb-d7a3d6b1"
            ],
            "security_group_ids": [],
            "service_name": "com.amazonaws.us-east-1.s3",
            "service_network_arn": "",
            "service_region": "us-east-1",
            "state": "available",
            "subnet_configuration": [],
            "subnet_ids": [],
            "tags": {
              "Name": "poc-s3-endpoint"
            },
            "tags_all": {
              "Name": "poc-s3-endpoint"
            },
            "timeouts": null,
            "vpc_endpoint_type": "Gateway",
            "vpc_id": "vpc-03cfc064"
          },
          "sensitive_attributes": [],
          "identity_schema_version": 0,
          "identity": {
            "account_id": "",
            "id": "vpce-0f662083671d83a12",
            "region": "us-east-1"
          },
          "private": "eyJlMmJmYjczMC1lY2FhLTExZTYtOGY4OC0zNDM2M2JjN2M0YzAiOnsiY3JlYXRlIjo2MDAwMDAwMDAwMDAsImRlbGV0ZSI6NjAwMDAwMDAwMDAwLCJ1cGRhdGUiOjYwMDAwMDAwMDAwMH0sInNjaGVtYV92ZXJzaW9uIjoiMCJ9"
        }
      ]
    },
    {
      "mode": "managed",
      "type": "aws_vpc_endpoint",
      "name": "vpce_eks",
      "provider": "provider[\"registry.terraform.io/hashicorp/aws\"]",
      "instances": [
        {
          "schema_version": 0,
          "attributes": {
            "arn": "arn:aws:ec2:us-east-1:682452625784:vpc-endpoint/vpce-09f20292cd866d378",
            "auto_accept": null,
            "cidr_blocks": [
              "16.15.176.0/20",
              "16.182.0.0/16",
              "18.34.0.0/19",
              "52.216.0.0/15",
              "54.231.0.0/16",
              "3.5.0.0/19",
              "18.34.232.0/21",
              "16.15.192.0/18"
            ],
            "dns_entry": [],
            "dns_options": [
              {
                "dns_record_ip_type": "service-defined",
                "private_dns_only_for_inbound_resolver_endpoint": false,
                "private_dns_preference": "",
                "private_dns_specified_domains": []
              }
            ],
            "id": "vpce-09f20292cd866d378",
            "ip_address_type": "ipv4",
            "network_interface_ids": [],
            "owner_id": "682452625784",
            "policy": "{\"Statement\":[{\"Action\":\"*\",\"Effect\":\"Allow\",\"Principal\":\"*\",\"Resource\":\"*\"}],\"Version\":\"2008-10-17\"}",
            "prefix_list_id": "pl-63a5400a",
            "private_dns_enabled": false,
            "region": "us-east-1",
            "requester_managed": false,
            "resource_configuration_arn": "",
            "route_table_ids": [
              "rtb-0518f151647c0b7cf"
            ],
            "security_group_ids": [],
            "service_name": "com.amazonaws.us-east-1.s3",
            "service_network_arn": "",
            "service_region": "us-east-1",
            "state": "available",
            "subnet_configuration": [],
            "subnet_ids": [],
            "tags": {
              "Name": "VPCE-EKS"
            },
            "tags_all": {
              "Name": "VPCE-EKS"
            },
            "timeouts": null,
            "vpc_endpoint_type": "Gateway",
            "vpc_id": "vpc-03faa642e5ca94a2d"
          },
          "sensitive_attributes": [],
          "identity_schema_version": 0,
          "identity": {
            "account_id": "",
            "id": "vpce-09f20292cd866d378",
            "region": "us-east-1"
          },
          "private": "eyJlMmJmYjczMC1lY2FhLTExZTYtOGY4OC0zNDM2M2JjN2M0YzAiOnsiY3JlYXRlIjo2MDAwMDAwMDAwMDAsImRlbGV0ZSI6NjAwMDAwMDAwMDAwLCJ1cGRhdGUiOjYwMDAwMDAwMDAwMH0sInNjaGVtYV92ZXJzaW9uIjoiMCJ9"
        }
      ]
    },
    {
      "mode": "managed",
      "type": "aws_vpc_endpoint",
      "name": "vpce_s3_eks_secure",
      "provider": "provider[\"registry.terraform.io/hashicorp/aws\"]",
      "instances": [
        {
          "schema_version": 0,
          "attributes": {
            "arn": "arn:aws:ec2:us-east-1:682452625784:vpc-endpoint/vpce-030fbd2023701dc50",
            "auto_accept": null,
            "cidr_blocks": [
              "16.15.176.0/20",
              "16.182.0.0/16",
              "18.34.0.0/19",
              "52.216.0.0/15",
              "54.231.0.0/16",
              "3.5.0.0/19",
              "18.34.232.0/21",
              "16.15.192.0/18"
            ],
            "dns_entry": [],
            "dns_options": [
              {
                "dns_record_ip_type": "service-defined",
                "private_dns_only_for_inbound_resolver_endpoint": false,
                "private_dns_preference": "",
                "private_dns_specified_domains": []
              }
            ],
            "id": "vpce-030fbd2023701dc50",
            "ip_address_type": "ipv4",
            "network_interface_ids": [],
            "owner_id": "682452625784",
            "policy": "{\"Statement\":[{\"Action\":\"*\",\"Effect\":\"Allow\",\"Principal\":\"*\",\"Resource\":\"*\"}],\"Version\":\"2008-10-17\"}",
            "prefix_list_id": "pl-63a5400a",
            "private_dns_enabled": false,
            "region": "us-east-1",
            "requester_managed": false,
            "resource_configuration_arn": "",
            "route_table_ids": [
              "rtb-07810fc4c8c41b001",
              "rtb-07bd51d45aae250fb",
              "rtb-0aa7929daa51d3686"
            ],
            "security_group_ids": [],
            "service_name": "com.amazonaws.us-east-1.s3",
            "service_network_arn": "",
            "service_region": "us-east-1",
            "state": "available",
            "subnet_configuration": [],
            "subnet_ids": [],
            "tags": {
              "Name": "VPCE-S3-eks-secure"
            },
            "tags_all": {
              "Name": "VPCE-S3-eks-secure"
            },
            "timeouts": null,
            "vpc_endpoint_type": "Gateway",
            "vpc_id": "vpc-0e4d2c5a50cb2a7e5"
          },
          "sensitive_attributes": [],
          "identity_schema_version": 0,
          "identity": {
            "account_id": "",
            "id": "vpce-030fbd2023701dc50",
            "region": "us-east-1"
          },
          "private": "eyJlMmJmYjczMC1lY2FhLTExZTYtOGY4OC0zNDM2M2JjN2M0YzAiOnsiY3JlYXRlIjo2MDAwMDAwMDAwMDAsImRlbGV0ZSI6NjAwMDAwMDAwMDAwLCJ1cGRhdGUiOjYwMDAwMDAwMDAwMH0sInNjaGVtYV92ZXJzaW9uIjoiMCJ9"
        }
      ]
    },
    {
      "mode": "managed",
      "type": "aws_workspaces_workspace",
      "name": "workspace_ust_ann_satheesh",
      "provider": "provider[\"registry.terraform.io/hashicorp/aws\"]",
      "instances": [
        {
          "schema_version": 0,
          "attributes": {
            "bundle_id": "wsb-g5rbnq51n",
            "computer_name": "U-MWRUGI2Z5XWS",
            "directory_id": "d-9067993615",
            "id": "ws-5sdzl5jd4",
            "ip_address": "172.31.30.227",
            "region": "us-east-1",
            "root_volume_encryption_enabled": false,
            "state": "AVAILABLE",
            "tags": {},
            "tags_all": {},
            "timeouts": null,
            "user_name": "ust-ann-satheesh",
            "user_volume_encryption_enabled": false,
            "volume_encryption_key": "",
            "workspace_properties": [
              {
                "compute_type_name": "STANDARD",
                "root_volume_size_gib": 80,
                "running_mode": "AUTO_STOP",
                "running_mode_auto_stop_timeout_in_minutes": 60,
                "user_volume_size_gib": 50
              }
            ]
          },
          "sensitive_attributes": [],
          "identity_schema_version": 0,
          "private": "eyJlMmJmYjczMC1lY2FhLTExZTYtOGY4OC0zNDM2M2JjN2M0YzAiOnsiY3JlYXRlIjoxODAwMDAwMDAwMDAwLCJkZWxldGUiOjYwMDAwMDAwMDAwMCwidXBkYXRlIjo2MDAwMDAwMDAwMDB9LCJzY2hlbWFfdmVyc2lvbiI6IjAifQ=="
        }
      ]
    },
    {
      "mode": "managed",
      "type": "aws_workspaces_workspace",
      "name": "workspace_ust_ayush_jasrotia",
      "provider": "provider[\"registry.terraform.io/hashicorp/aws\"]",
      "instances": [
        {
          "schema_version": 0,
          "attributes": {
            "bundle_id": "wsb-208l8k46h",
            "computer_name": "U-2AA81D2E6QZK",
            "directory_id": "d-9067993615",
            "id": "ws-8qxb4rb1w",
            "ip_address": "172.31.18.51",
            "region": "us-east-1",
            "root_volume_encryption_enabled": false,
            "state": "AVAILABLE",
            "tags": {},
            "tags_all": {},
            "timeouts": null,
            "user_name": "ust-ayush-jasrotia",
            "user_volume_encryption_enabled": false,
            "volume_encryption_key": "",
            "workspace_properties": [
              {
                "compute_type_name": "PERFORMANCE",
                "root_volume_size_gib": 80,
                "running_mode": "AUTO_STOP",
                "running_mode_auto_stop_timeout_in_minutes": 180,
                "user_volume_size_gib": 50
              }
            ]
          },
          "sensitive_attributes": [],
          "identity_schema_version": 0,
          "private": "eyJlMmJmYjczMC1lY2FhLTExZTYtOGY4OC0zNDM2M2JjN2M0YzAiOnsiY3JlYXRlIjoxODAwMDAwMDAwMDAwLCJkZWxldGUiOjYwMDAwMDAwMDAwMCwidXBkYXRlIjo2MDAwMDAwMDAwMDB9LCJzY2hlbWFfdmVyc2lvbiI6IjAifQ=="
        }
      ]
    },
    {
      "mode": "managed",
      "type": "aws_workspaces_workspace",
      "name": "workspace_ust_chirag_khandel",
      "provider": "provider[\"registry.terraform.io/hashicorp/aws\"]",
      "instances": [
        {
          "schema_version": 0,
          "attributes": {
            "bundle_id": "wsb-208l8k46h",
            "computer_name": "U-2XAGQ1CBDL3VU",
            "directory_id": "d-9067993615",
            "id": "ws-9s5kvxrj0",
            "ip_address": "172.31.14.229",
            "region": "us-east-1",
            "root_volume_encryption_enabled": false,
            "state": "STOPPED",
            "tags": {},
            "tags_all": {},
            "timeouts": null,
            "user_name": "ust-chirag-khandel",
            "user_volume_encryption_enabled": false,
            "volume_encryption_key": "",
            "workspace_properties": [
              {
                "compute_type_name": "PERFORMANCE",
                "root_volume_size_gib": 80,
                "running_mode": "AUTO_STOP",
                "running_mode_auto_stop_timeout_in_minutes": 180,
                "user_volume_size_gib": 100
              }
            ]
          },
          "sensitive_attributes": [],
          "identity_schema_version": 0,
          "private": "eyJlMmJmYjczMC1lY2FhLTExZTYtOGY4OC0zNDM2M2JjN2M0YzAiOnsiY3JlYXRlIjoxODAwMDAwMDAwMDAwLCJkZWxldGUiOjYwMDAwMDAwMDAwMCwidXBkYXRlIjo2MDAwMDAwMDAwMDB9LCJzY2hlbWFfdmVyc2lvbiI6IjAifQ=="
        }
      ]
    },
    {
      "mode": "managed",
      "type": "aws_workspaces_workspace",
      "name": "workspace_ust_darshana",
      "provider": "provider[\"registry.terraform.io/hashicorp/aws\"]",
      "instances": [
        {
          "schema_version": 0,
          "attributes": {
            "bundle_id": "wsb-208l8k46h",
            "computer_name": "U-22KKJD0D8PK81",
            "directory_id": "d-9067993615",
            "id": "ws-2klb807wb",
            "ip_address": "172.31.8.34",
            "region": "us-east-1",
            "root_volume_encryption_enabled": false,
            "state": "STOPPED",
            "tags": {},
            "tags_all": {},
            "timeouts": null,
            "user_name": "ust-darshana",
            "user_volume_encryption_enabled": false,
            "volume_encryption_key": "",
            "workspace_properties": [
              {
                "compute_type_name": "PERFORMANCE",
                "root_volume_size_gib": 80,
                "running_mode": "AUTO_STOP",
                "running_mode_auto_stop_timeout_in_minutes": 240,
                "user_volume_size_gib": 100
              }
            ]
          },
          "sensitive_attributes": [],
          "identity_schema_version": 0,
          "private": "eyJlMmJmYjczMC1lY2FhLTExZTYtOGY4OC0zNDM2M2JjN2M0YzAiOnsiY3JlYXRlIjoxODAwMDAwMDAwMDAwLCJkZWxldGUiOjYwMDAwMDAwMDAwMCwidXBkYXRlIjo2MDAwMDAwMDAwMDB9LCJzY2hlbWFfdmVyc2lvbiI6IjAifQ=="
        }
      ]
    },
    {
      "mode": "managed",
      "type": "aws_workspaces_workspace",
      "name": "workspace_ust_divya_mantri",
      "provider": "provider[\"registry.terraform.io/hashicorp/aws\"]",
      "instances": [
        {
          "schema_version": 0,
          "attributes": {
            "bundle_id": "wsb-g5rbnq51n",
            "computer_name": "U-JVBG7SI8D035",
            "directory_id": "d-9067993615",
            "id": "ws-45ml2d9r9",
            "ip_address": "172.31.10.0",
            "region": "us-east-1",
            "root_volume_encryption_enabled": false,
            "state": "STOPPED",
            "tags": {
              "createdby": "sujith.esurendran@ust.com"
            },
            "tags_all": {
              "createdby": "sujith.esurendran@ust.com"
            },
            "timeouts": null,
            "user_name": "ust-divya-mantri",
            "user_volume_encryption_enabled": false,
            "volume_encryption_key": "",
            "workspace_properties": [
              {
                "compute_type_name": "STANDARD",
                "root_volume_size_gib": 80,
                "running_mode": "AUTO_STOP",
                "running_mode_auto_stop_timeout_in_minutes": 240,
                "user_volume_size_gib": 50
              }
            ]
          },
          "sensitive_attributes": [],
          "identity_schema_version": 0,
          "private": "eyJlMmJmYjczMC1lY2FhLTExZTYtOGY4OC0zNDM2M2JjN2M0YzAiOnsiY3JlYXRlIjoxODAwMDAwMDAwMDAwLCJkZWxldGUiOjYwMDAwMDAwMDAwMCwidXBkYXRlIjo2MDAwMDAwMDAwMDB9LCJzY2hlbWFfdmVyc2lvbiI6IjAifQ=="
        }
      ]
    },
    {
      "mode": "managed",
      "type": "aws_workspaces_workspace",
      "name": "workspace_ust_goutham",
      "provider": "provider[\"registry.terraform.io/hashicorp/aws\"]",
      "instances": [
        {
          "schema_version": 0,
          "attributes": {
            "bundle_id": "wsb-208l8k46h",
            "computer_name": "U-3P31DDF8XGYYZ",
            "directory_id": "d-9067993615",
            "id": "ws-3kpjp6hjw",
            "ip_address": "172.31.8.89",
            "region": "us-east-1",
            "root_volume_encryption_enabled": false,
            "state": "STOPPED",
            "tags": {},
            "tags_all": {},
            "timeouts": null,
            "user_name": "ust-goutham",
            "user_volume_encryption_enabled": false,
            "volume_encryption_key": "",
            "workspace_properties": [
              {
                "compute_type_name": "POWER",
                "root_volume_size_gib": 80,
                "running_mode": "AUTO_STOP",
                "running_mode_auto_stop_timeout_in_minutes": 60,
                "user_volume_size_gib": 100
              }
            ]
          },
          "sensitive_attributes": [],
          "identity_schema_version": 0,
          "private": "eyJlMmJmYjczMC1lY2FhLTExZTYtOGY4OC0zNDM2M2JjN2M0YzAiOnsiY3JlYXRlIjoxODAwMDAwMDAwMDAwLCJkZWxldGUiOjYwMDAwMDAwMDAwMCwidXBkYXRlIjo2MDAwMDAwMDAwMDB9LCJzY2hlbWFfdmVyc2lvbiI6IjAifQ=="
        }
      ]
    },
    {
      "mode": "managed",
      "type": "aws_workspaces_workspace",
      "name": "workspace_ust_hydra_team",
      "provider": "provider[\"registry.terraform.io/hashicorp/aws\"]",
      "instances": [
        {
          "schema_version": 0,
          "attributes": {
            "bundle_id": "wsb-397hxf1ww",
            "computer_name": "U-1X8O86LNUYIVC",
            "directory_id": "d-9067993615",
            "id": "ws-1d6dgtwjd",
            "ip_address": "172.31.26.6",
            "region": "us-east-1",
            "root_volume_encryption_enabled": true,
            "state": "STOPPED",
            "tags": {},
            "tags_all": {},
            "timeouts": null,
            "user_name": "ust-hydra-team",
            "user_volume_encryption_enabled": true,
            "volume_encryption_key": "arn:aws:kms:us-east-1:682452625784:key/3cb2a2d3-2d4a-41dc-84e5-262bedef2a12",
            "workspace_properties": [
              {
                "compute_type_name": "POWER",
                "root_volume_size_gib": 400,
                "running_mode": "AUTO_STOP",
                "running_mode_auto_stop_timeout_in_minutes": 180,
                "user_volume_size_gib": 300
              }
            ]
          },
          "sensitive_attributes": [],
          "identity_schema_version": 0,
          "private": "eyJlMmJmYjczMC1lY2FhLTExZTYtOGY4OC0zNDM2M2JjN2M0YzAiOnsiY3JlYXRlIjoxODAwMDAwMDAwMDAwLCJkZWxldGUiOjYwMDAwMDAwMDAwMCwidXBkYXRlIjo2MDAwMDAwMDAwMDB9LCJzY2hlbWFfdmVyc2lvbiI6IjAifQ=="
        }
      ]
    },
    {
      "mode": "managed",
      "type": "aws_workspaces_workspace",
      "name": "workspace_ust_kaushal_darji",
      "provider": "provider[\"registry.terraform.io/hashicorp/aws\"]",
      "instances": [
        {
          "schema_version": 0,
          "attributes": {
            "bundle_id": "wsb-g5rbnq51n",
            "computer_name": "U-1XKXTL51FHZI3",
            "directory_id": "d-9067993615",
            "id": "ws-8tbks7x8l",
            "ip_address": "172.31.3.167",
            "region": "us-east-1",
            "root_volume_encryption_enabled": false,
            "state": "AVAILABLE",
            "tags": {},
            "tags_all": {},
            "timeouts": null,
            "user_name": "ust-kaushal-darji",
            "user_volume_encryption_enabled": false,
            "volume_encryption_key": "",
            "workspace_properties": [
              {
                "compute_type_name": "STANDARD",
                "root_volume_size_gib": 80,
                "running_mode": "AUTO_STOP",
                "running_mode_auto_stop_timeout_in_minutes": 60,
                "user_volume_size_gib": 50
              }
            ]
          },
          "sensitive_attributes": [],
          "identity_schema_version": 0,
          "private": "eyJlMmJmYjczMC1lY2FhLTExZTYtOGY4OC0zNDM2M2JjN2M0YzAiOnsiY3JlYXRlIjoxODAwMDAwMDAwMDAwLCJkZWxldGUiOjYwMDAwMDAwMDAwMCwidXBkYXRlIjo2MDAwMDAwMDAwMDB9LCJzY2hlbWFfdmVyc2lvbiI6IjAifQ=="
        }
      ]
    },
    {
      "mode": "managed",
      "type": "aws_workspaces_workspace",
      "name": "workspace_ust_mahesh_ingle",
      "provider": "provider[\"registry.terraform.io/hashicorp/aws\"]",
      "instances": [
        {
          "schema_version": 0,
          "attributes": {
            "bundle_id": "wsb-g5rbnq51n",
            "computer_name": "U-XNLNHF4SS7KP",
            "directory_id": "d-9067993615",
            "id": "ws-hm8ttz0yw",
            "ip_address": "172.31.9.150",
            "region": "us-east-1",
            "root_volume_encryption_enabled": false,
            "state": "STOPPED",
            "tags": {},
            "tags_all": {},
            "timeouts": null,
            "user_name": "ust-mahesh-ingle",
            "user_volume_encryption_enabled": false,
            "volume_encryption_key": "",
            "workspace_properties": [
              {
                "compute_type_name": "PERFORMANCE",
                "root_volume_size_gib": 80,
                "running_mode": "AUTO_STOP",
                "running_mode_auto_stop_timeout_in_minutes": 60,
                "user_volume_size_gib": 50
              }
            ]
          },
          "sensitive_attributes": [],
          "identity_schema_version": 0,
          "private": "eyJlMmJmYjczMC1lY2FhLTExZTYtOGY4OC0zNDM2M2JjN2M0YzAiOnsiY3JlYXRlIjoxODAwMDAwMDAwMDAwLCJkZWxldGUiOjYwMDAwMDAwMDAwMCwidXBkYXRlIjo2MDAwMDAwMDAwMDB9LCJzY2hlbWFfdmVyc2lvbiI6IjAifQ=="
        }
      ]
    },
    {
      "mode": "managed",
      "type": "aws_workspaces_workspace",
      "name": "workspace_ust_manu",
      "provider": "provider[\"registry.terraform.io/hashicorp/aws\"]",
      "instances": [
        {
          "schema_version": 0,
          "attributes": {
            "bundle_id": "wsb-397hxf1ww",
            "computer_name": "U-1E8MCAK38X68N",
            "directory_id": "d-9067993615",
            "id": "ws-cz5rr0vr3",
            "ip_address": "172.31.9.94",
            "region": "us-east-1",
            "root_volume_encryption_enabled": false,
            "state": "STOPPED",
            "tags": {},
            "tags_all": {},
            "timeouts": null,
            "user_name": "ust-manu",
            "user_volume_encryption_enabled": false,
            "volume_encryption_key": "",
            "workspace_properties": [
              {
                "compute_type_name": "POWER",
                "root_volume_size_gib": 80,
                "running_mode": "AUTO_STOP",
                "running_mode_auto_stop_timeout_in_minutes": 240,
                "user_volume_size_gib": 50
              }
            ]
          },
          "sensitive_attributes": [],
          "identity_schema_version": 0,
          "private": "eyJlMmJmYjczMC1lY2FhLTExZTYtOGY4OC0zNDM2M2JjN2M0YzAiOnsiY3JlYXRlIjoxODAwMDAwMDAwMDAwLCJkZWxldGUiOjYwMDAwMDAwMDAwMCwidXBkYXRlIjo2MDAwMDAwMDAwMDB9LCJzY2hlbWFfdmVyc2lvbiI6IjAifQ=="
        }
      ]
    },
    {
      "mode": "managed",
      "type": "aws_workspaces_workspace",
      "name": "workspace_ust_minnu_antony",
      "provider": "provider[\"registry.terraform.io/hashicorp/aws\"]",
      "instances": [
        {
          "schema_version": 0,
          "attributes": {
            "bundle_id": "wsb-208l8k46h",
            "computer_name": "U-3Q63M4BFPM6C7",
            "directory_id": "d-9067993615",
            "id": "ws-whsrnvx3j",
            "ip_address": "172.31.11.164",
            "region": "us-east-1",
            "root_volume_encryption_enabled": false,
            "state": "AVAILABLE",
            "tags": {},
            "tags_all": {},
            "timeouts": null,
            "user_name": "ust-minnu-antony",
            "user_volume_encryption_enabled": false,
            "volume_encryption_key": "",
            "workspace_properties": [
              {
                "compute_type_name": "PERFORMANCE",
                "root_volume_size_gib": 80,
                "running_mode": "AUTO_STOP",
                "running_mode_auto_stop_timeout_in_minutes": 180,
                "user_volume_size_gib": 50
              }
            ]
          },
          "sensitive_attributes": [],
          "identity_schema_version": 0,
          "private": "eyJlMmJmYjczMC1lY2FhLTExZTYtOGY4OC0zNDM2M2JjN2M0YzAiOnsiY3JlYXRlIjoxODAwMDAwMDAwMDAwLCJkZWxldGUiOjYwMDAwMDAwMDAwMCwidXBkYXRlIjo2MDAwMDAwMDAwMDB9LCJzY2hlbWFfdmVyc2lvbiI6IjAifQ=="
        }
      ]
    },
    {
      "mode": "managed",
      "type": "aws_workspaces_workspace",
      "name": "workspace_ust_parashuram",
      "provider": "provider[\"registry.terraform.io/hashicorp/aws\"]",
      "instances": [
        {
          "schema_version": 0,
          "attributes": {
            "bundle_id": "wsb-208l8k46h",
            "computer_name": "U-2HTSSVIFP3WH2",
            "directory_id": "d-9067993615",
            "id": "ws-0l0p1krh7",
            "ip_address": "172.31.19.22",
            "region": "us-east-1",
            "root_volume_encryption_enabled": false,
            "state": "STOPPED",
            "tags": {},
            "tags_all": {},
            "timeouts": null,
            "user_name": "ust-parashuram",
            "user_volume_encryption_enabled": false,
            "volume_encryption_key": "",
            "workspace_properties": [
              {
                "compute_type_name": "PERFORMANCE",
                "root_volume_size_gib": 80,
                "running_mode": "AUTO_STOP",
                "running_mode_auto_stop_timeout_in_minutes": 240,
                "user_volume_size_gib": 100
              }
            ]
          },
          "sensitive_attributes": [],
          "identity_schema_version": 0,
          "private": "eyJlMmJmYjczMC1lY2FhLTExZTYtOGY4OC0zNDM2M2JjN2M0YzAiOnsiY3JlYXRlIjoxODAwMDAwMDAwMDAwLCJkZWxldGUiOjYwMDAwMDAwMDAwMCwidXBkYXRlIjo2MDAwMDAwMDAwMDB9LCJzY2hlbWFfdmVyc2lvbiI6IjAifQ=="
        }
      ]
    },
    {
      "mode": "managed",
      "type": "aws_workspaces_workspace",
      "name": "workspace_ust_samit_singh",
      "provider": "provider[\"registry.terraform.io/hashicorp/aws\"]",
      "instances": [
        {
          "schema_version": 0,
          "attributes": {
            "bundle_id": "wsb-208l8k46h",
            "computer_name": "U-267DWSWTTG984",
            "directory_id": "d-9067993615",
            "id": "ws-6b50qfrs8",
            "ip_address": "172.31.26.124",
            "region": "us-east-1",
            "root_volume_encryption_enabled": false,
            "state": "STOPPED",
            "tags": {},
            "tags_all": {},
            "timeouts": null,
            "user_name": "ust-samit-singh",
            "user_volume_encryption_enabled": false,
            "volume_encryption_key": "",
            "workspace_properties": [
              {
                "compute_type_name": "PERFORMANCE",
                "root_volume_size_gib": 80,
                "running_mode": "AUTO_STOP",
                "running_mode_auto_stop_timeout_in_minutes": 180,
                "user_volume_size_gib": 50
              }
            ]
          },
          "sensitive_attributes": [],
          "identity_schema_version": 0,
          "private": "eyJlMmJmYjczMC1lY2FhLTExZTYtOGY4OC0zNDM2M2JjN2M0YzAiOnsiY3JlYXRlIjoxODAwMDAwMDAwMDAwLCJkZWxldGUiOjYwMDAwMDAwMDAwMCwidXBkYXRlIjo2MDAwMDAwMDAwMDB9LCJzY2hlbWFfdmVyc2lvbiI6IjAifQ=="
        }
      ]
    },
    {
      "mode": "managed",
      "type": "aws_workspaces_workspace",
      "name": "workspace_ust_sujith_surendran",
      "provider": "provider[\"registry.terraform.io/hashicorp/aws\"]",
      "instances": [
        {
          "schema_version": 0,
          "attributes": {
            "bundle_id": "wsb-397hxf1ww",
            "computer_name": "U-2HEA3UOTJHESV",
            "directory_id": "d-9067993615",
            "id": "ws-0l105ffqp",
            "ip_address": "172.31.20.125",
            "region": "us-east-1",
            "root_volume_encryption_enabled": true,
            "state": "AVAILABLE",
            "tags": {},
            "tags_all": {},
            "timeouts": null,
            "user_name": "ust-sujith-surendran",
            "user_volume_encryption_enabled": true,
            "volume_encryption_key": "arn:aws:kms:us-east-1:682452625784:key/3cb2a2d3-2d4a-41dc-84e5-262bedef2a12",
            "workspace_properties": [
              {
                "compute_type_name": "POWER",
                "root_volume_size_gib": 300,
                "running_mode": "AUTO_STOP",
                "running_mode_auto_stop_timeout_in_minutes": 240,
                "user_volume_size_gib": 200
              }
            ]
          },
          "sensitive_attributes": [],
          "identity_schema_version": 0,
          "private": "eyJlMmJmYjczMC1lY2FhLTExZTYtOGY4OC0zNDM2M2JjN2M0YzAiOnsiY3JlYXRlIjoxODAwMDAwMDAwMDAwLCJkZWxldGUiOjYwMDAwMDAwMDAwMCwidXBkYXRlIjo2MDAwMDAwMDAwMDB9LCJzY2hlbWFfdmVyc2lvbiI6IjAifQ=="
        }
      ]
    },
    {
      "mode": "managed",
      "type": "aws_workspaces_workspace",
      "name": "workspace_ust_vishnu_sasi",
      "provider": "provider[\"registry.terraform.io/hashicorp/aws\"]",
      "instances": [
        {
          "schema_version": 0,
          "attributes": {
            "bundle_id": "wsb-208l8k46h",
            "computer_name": "U-2H33MCOYUQSGR",
            "directory_id": "d-9067993615",
            "id": "ws-5x8qnbzjv",
            "ip_address": "172.31.0.34",
            "region": "us-east-1",
            "root_volume_encryption_enabled": false,
            "state": "STOPPED",
            "tags": {},
            "tags_all": {},
            "timeouts": null,
            "user_name": "ust-vishnu-sasi",
            "user_volume_encryption_enabled": false,
            "volume_encryption_key": "",
            "workspace_properties": [
              {
                "compute_type_name": "PERFORMANCE",
                "root_volume_size_gib": 80,
                "running_mode": "AUTO_STOP",
                "running_mode_auto_stop_timeout_in_minutes": 120,
                "user_volume_size_gib": 100
              }
            ]
          },
          "sensitive_attributes": [],
          "identity_schema_version": 0,
          "private": "eyJlMmJmYjczMC1lY2FhLTExZTYtOGY4OC0zNDM2M2JjN2M0YzAiOnsiY3JlYXRlIjoxODAwMDAwMDAwMDAwLCJkZWxldGUiOjYwMDAwMDAwMDAwMCwidXBkYXRlIjo2MDAwMDAwMDAwMDB9LCJzY2hlbWFfdmVyc2lvbiI6IjAifQ=="
        }
      ]
    },
    {
      "mode": "managed",
      "type": "aws_workspaces_workspace",
      "name": "workspace_ust_will_sebastian",
      "provider": "provider[\"registry.terraform.io/hashicorp/aws\"]",
      "instances": [
        {
          "schema_version": 0,
          "attributes": {
            "bundle_id": "wsb-208l8k46h",
            "computer_name": "U-221WLMGY5K2YR",
            "directory_id": "d-9067993615",
            "id": "ws-6w8p8c3lp",
            "ip_address": "172.31.20.52",
            "region": "us-east-1",
            "root_volume_encryption_enabled": false,
            "state": "AVAILABLE",
            "tags": {},
            "tags_all": {},
            "timeouts": null,
            "user_name": "ust-will-sebastian",
            "user_volume_encryption_enabled": false,
            "volume_encryption_key": "",
            "workspace_properties": [
              {
                "compute_type_name": "PERFORMANCE",
                "root_volume_size_gib": 80,
                "running_mode": "AUTO_STOP",
                "running_mode_auto_stop_timeout_in_minutes": 180,
                "user_volume_size_gib": 50
              }
            ]
          },
          "sensitive_attributes": [],
          "identity_schema_version": 0,
          "private": "eyJlMmJmYjczMC1lY2FhLTExZTYtOGY4OC0zNDM2M2JjN2M0YzAiOnsiY3JlYXRlIjoxODAwMDAwMDAwMDAwLCJkZWxldGUiOjYwMDAwMDAwMDAwMCwidXBkYXRlIjo2MDAwMDAwMDAwMDB9LCJzY2hlbWFfdmVyc2lvbiI6IjAifQ=="
        }
      ]
    }
  ],
  "check_results": null
}
